
Microsoft Visual Studio Solution File, Format Version 12.00
# Visual Studio Version 16
VisualStudioVersion = 16.0.29409.12
MinimumVisualStudioVersion = 10.0.40219.1
Project("{FAE04EC0-301F-11D3-BF4B-00C04F79EFBC}") = "US.BOX.Data.Import", "US.BOX.Data.Import\US.BOX.Data.Import.csproj", "{108AF09D-231B-4512-A8C7-FB80C51BFCE3}"
EndProject
Project("{FAE04EC0-301F-11D3-BF4B-00C04F79EFBC}") = "US.BOX.Data.Import.ConsoleApp", "US.BOX.Data.Import.ConsoleApp\US.BOX.Data.Import.ConsoleApp.csproj", "{57E54195-63AB-4C16-96E3-B6B83511FC36}"
EndProject
Project("{FAE04EC0-301F-11D3-BF4B-00C04F79EFBC}") = "US.BOX.Data.Import.FileConvertor", "US.BOX.Data.Import.FileConvertor\US.BOX.Data.Import.FileConvertor.csproj", "{010FACD3-A4DF-433B-A74F-A89A72FD39D6}"
EndProject
Project("{FAE04EC0-301F-11D3-BF4B-00C04F79EFBC}") = "US.BOX.Data.Import.Core", "US.BOX.Data.Import.Core\US.BOX.Data.Import.Core.csproj", "{4153A815-7647-44F4-B258-05869D5FB75B}"
EndProject
Project("{FAE04EC0-301F-11D3-BF4B-00C04F79EFBC}") = "US.BOX.Data.Import.USDFUpload", "US.BOX.Data.Import.USDFUpload\US.BOX.Data.Import.USDFUpload.csproj", "{BB4A210C-2686-4631-B7D0-71073ABDBE0F}"
EndProject
Project("{FAE04EC0-301F-11D3-BF4B-00C04F79EFBC}") = "US.BOX.Data.Import.ImportDataIntoBOX", "US.BOX.Data.Import.ImportDataIntoBOX\US.BOX.Data.Import.ImportDataIntoBOX.csproj", "{55160BB0-2C1C-4582-A43F-E00493C772E0}"
EndProject
Project("{FAE04EC0-301F-11D3-BF4B-00C04F79EFBC}") = "US.BOX.Data.Import.ImportReceitHandler", "US.BOX.Data.Import.ImportReceitHandler\US.BOX.Data.Import.ImportReceitHandler.csproj", "{984895FD-6E02-43D8-B375-0560FAF07EEA}"
EndProject
Global
	GlobalSection(SolutionConfigurationPlatforms) = preSolution
		Debug|Any CPU = Debug|Any CPU
		Release|Any CPU = Release|Any CPU
	EndGlobalSection
	GlobalSection(ProjectConfigurationPlatforms) = postSolution
		{108AF09D-231B-4512-A8C7-FB80C51BFCE3}.Debug|Any CPU.ActiveCfg = Debug|Any CPU
		{108AF09D-231B-4512-A8C7-FB80C51BFCE3}.Debug|Any CPU.Build.0 = Debug|Any CPU
		{108AF09D-231B-4512-A8C7-FB80C51BFCE3}.Release|Any CPU.ActiveCfg = Release|Any CPU
		{108AF09D-231B-4512-A8C7-FB80C51BFCE3}.Release|Any CPU.Build.0 = Release|Any CPU
		{57E54195-63AB-4C16-96E3-B6B83511FC36}.Debug|Any CPU.ActiveCfg = Debug|Any CPU
		{57E54195-63AB-4C16-96E3-B6B83511FC36}.Debug|Any CPU.Build.0 = Debug|Any CPU
		{57E54195-63AB-4C16-96E3-B6B83511FC36}.Release|Any CPU.ActiveCfg = Release|Any CPU
		{57E54195-63AB-4C16-96E3-B6B83511FC36}.Release|Any CPU.Build.0 = Release|Any CPU
		{010FACD3-A4DF-433B-A74F-A89A72FD39D6}.Debug|Any CPU.ActiveCfg = Debug|Any CPU
		{010FACD3-A4DF-433B-A74F-A89A72FD39D6}.Debug|Any CPU.Build.0 = Debug|Any CPU
		{010FACD3-A4DF-433B-A74F-A89A72FD39D6}.Release|Any CPU.ActiveCfg = Release|Any CPU
		{010FACD3-A4DF-433B-A74F-A89A72FD39D6}.Release|Any CPU.Build.0 = Release|Any CPU
		{4153A815-7647-44F4-B258-05869D5FB75B}.Debug|Any CPU.ActiveCfg = Debug|Any CPU
		{4153A815-7647-44F4-B258-05869D5FB75B}.Debug|Any CPU.Build.0 = Debug|Any CPU
		{4153A815-7647-44F4-B258-05869D5FB75B}.Release|Any CPU.ActiveCfg = Release|Any CPU
		{4153A815-7647-44F4-B258-05869D5FB75B}.Release|Any CPU.Build.0 = Release|Any CPU
		{BB4A210C-2686-4631-B7D0-71073ABDBE0F}.Debug|Any CPU.ActiveCfg = Debug|Any CPU
		{BB4A210C-2686-4631-B7D0-71073ABDBE0F}.Debug|Any CPU.Build.0 = Debug|Any CPU
		{BB4A210C-2686-4631-B7D0-71073ABDBE0F}.Release|Any CPU.ActiveCfg = Release|Any CPU
		{BB4A210C-2686-4631-B7D0-71073ABDBE0F}.Release|Any CPU.Build.0 = Release|Any CPU
		{55160BB0-2C1C-4582-A43F-E00493C772E0}.Debug|Any CPU.ActiveCfg = Debug|Any CPU
		{55160BB0-2C1C-4582-A43F-E00493C772E0}.Debug|Any CPU.Build.0 = Debug|Any CPU
		{55160BB0-2C1C-4582-A43F-E00493C772E0}.Release|Any CPU.ActiveCfg = Release|Any CPU
		{55160BB0-2C1C-4582-A43F-E00493C772E0}.Release|Any CPU.Build.0 = Release|Any CPU
		{984895FD-6E02-43D8-B375-0560FAF07EEA}.Debug|Any CPU.ActiveCfg = Debug|Any CPU
		{984895FD-6E02-43D8-B375-0560FAF07EEA}.Debug|Any CPU.Build.0 = Debug|Any CPU
		{984895FD-6E02-43D8-B375-0560FAF07EEA}.Release|Any CPU.ActiveCfg = Release|Any CPU
		{984895FD-6E02-43D8-B375-0560FAF07EEA}.Release|Any CPU.Build.0 = Release|Any CPU
	EndGlobalSection
	GlobalSection(SolutionProperties) = preSolution
		HideSolutionNode = FALSE
	EndGlobalSection
	GlobalSection(ExtensibilityGlobals) = postSolution
		SolutionGuid = {86C576A9-5B6D-4168-81CC-34973EA1C726}
	EndGlobalSection
EndGlobal
